// !$*UTF8*$!
{
	archiveVersion = 1;
	classes = {
	};
	objectVersion = 77;
	objects = {

/* Begin PBXContainerItemProxy section */
		D840C2982CBB6452003B5FB3 /* PBXContainerItemProxy */ = {
			isa = PBXContainerItemProxy;
			containerPortal = D840C27F2CBB6450003B5FB3 /* Project object */;
			proxyType = 1;
			remoteGlobalIDString = D840C2862CBB6450003B5FB3;
			remoteInfo = Fetch_iOS;
		};
		D840C2A22CBB6452003B5FB3 /* PBXContainerItemProxy */ = {
			isa = PBXContainerItemProxy;
			containerPortal = D840C27F2CBB6450003B5FB3 /* Project object */;
			proxyType = 1;
			remoteGlobalIDString = D840C2862CBB6450003B5FB3;
			remoteInfo = Fetch_iOS;
		};
/* End PBXContainerItemProxy section */

/* Begin PBXFileReference section */
		D840C2872CBB6450003B5FB3 /* Fetch_iOS.app */ = {isa = PBXFileReference; explicitFileType = wrapper.application; includeInIndex = 0; path = Fetch_iOS.app; sourceTree = BUILT_PRODUCTS_DIR; };
		D840C2972CBB6452003B5FB3 /* Fetch_iOSTests.xctest */ = {isa = PBXFileReference; explicitFileType = wrapper.cfbundle; includeInIndex = 0; path = Fetch_iOSTests.xctest; sourceTree = BUILT_PRODUCTS_DIR; };
		D840C2A12CBB6452003B5FB3 /* Fetch_iOSUITests.xctest */ = {isa = PBXFileReference; explicitFileType = wrapper.cfbundle; includeInIndex = 0; path = Fetch_iOSUITests.xctest; sourceTree = BUILT_PRODUCTS_DIR; };
/* End PBXFileReference section */

/* Begin PBXFileSystemSynchronizedRootGroup section */
		D840C2892CBB6450003B5FB3 /* Fetch_iOS */ = {
			isa = PBXFileSystemSynchronizedRootGroup;
			path = Fetch_iOS;
			sourceTree = "<group>";
		};
		D840C29A2CBB6452003B5FB3 /* Fetch_iOSTests */ = {
			isa = PBXFileSystemSynchronizedRootGroup;
			path = Fetch_iOSTests;
			sourceTree = "<group>";
		};
		D840C2A42CBB6452003B5FB3 /* Fetch_iOSUITests */ = {
			isa = PBXFileSystemSynchronizedRootGroup;
			path = Fetch_iOSUITests;
			sourceTree = "<group>";
		};
/* End PBXFileSystemSynchronizedRootGroup section */

/* Begin PBXFrameworksBuildPhase section */
		D840C2842CBB6450003B5FB3 /* Frameworks */ = {
			isa = PBXFrameworksBuildPhase;
			buildActionMask = 2147483647;
			files = (
			);
			runOnlyForDeploymentPostprocessing = 0;
		};
		D840C2942CBB6452003B5FB3 /* Frameworks */ = {
			isa = PBXFrameworksBuildPhase;
			buildActionMask = 2147483647;
			files = (
			);
			runOnlyForDeploymentPostprocessing = 0;
		};
		D840C29E2CBB6452003B5FB3 /* Frameworks */ = {
			isa = PBXFrameworksBuildPhase;
			buildActionMask = 2147483647;
			files = (
			);
			runOnlyForDeploymentPostprocessing = 0;
		};
/* End PBXFrameworksBuildPhase section */

/* Begin PBXGroup section */
		D840C27E2CBB6450003B5FB3 = {
			isa = PBXGroup;
			children = (
				D840C2892CBB6450003B5FB3 /* Fetch_iOS */,
				D840C29A2CBB6452003B5FB3 /* Fetch_iOSTests */,
				D840C2A42CBB6452003B5FB3 /* Fetch_iOSUITests */,
				D840C2882CBB6450003B5FB3 /* Products */,
			);
			sourceTree = "<group>";
		};
		D840C2882CBB6450003B5FB3 /* Products */ = {
			isa = PBXGroup;
			children = (
				D840C2872CBB6450003B5FB3 /* Fetch_iOS.app */,
				D840C2972CBB6452003B5FB3 /* Fetch_iOSTests.xctest */,
				D840C2A12CBB6452003B5FB3 /* Fetch_iOSUITests.xctest */,
			);
			name = Products;
			sourceTree = "<group>";
		};
/* End PBXGroup section */

/* Begin PBXNativeTarget section */
		D840C2862CBB6450003B5FB3 /* Fetch_iOS */ = {
			isa = PBXNativeTarget;
			buildConfigurationList = D840C2AB2CBB6452003B5FB3 /* Build configuration list for PBXNativeTarget "Fetch_iOS" */;
			buildPhases = (
				D840C2832CBB6450003B5FB3 /* Sources */,
				D840C2842CBB6450003B5FB3 /* Frameworks */,
				D840C2852CBB6450003B5FB3 /* Resources */,
			);
			buildRules = (
			);
			dependencies = (
			);
			fileSystemSynchronizedGroups = (
				D840C2892CBB6450003B5FB3 /* Fetch_iOS */,
			);
			name = Fetch_iOS;
			packageProductDependencies = (
			);
			productName = Fetch_iOS;
			productReference = D840C2872CBB6450003B5FB3 /* Fetch_iOS.app */;
			productType = "com.apple.product-type.application";
		};
		D840C2962CBB6452003B5FB3 /* Fetch_iOSTests */ = {
			isa = PBXNativeTarget;
			buildConfigurationList = D840C2AE2CBB6452003B5FB3 /* Build configuration list for PBXNativeTarget "Fetch_iOSTests" */;
			buildPhases = (
				D840C2932CBB6452003B5FB3 /* Sources */,
				D840C2942CBB6452003B5FB3 /* Frameworks */,
				D840C2952CBB6452003B5FB3 /* Resources */,
			);
			buildRules = (
			);
			dependencies = (
				D840C2992CBB6452003B5FB3 /* PBXTargetDependency */,
			);
			fileSystemSynchronizedGroups = (
				D840C29A2CBB6452003B5FB3 /* Fetch_iOSTests */,
			);
			name = Fetch_iOSTests;
			packageProductDependencies = (
			);
			productName = Fetch_iOSTests;
			productReference = D840C2972CBB6452003B5FB3 /* Fetch_iOSTests.xctest */;
			productType = "com.apple.product-type.bundle.unit-test";
		};
		D840C2A02CBB6452003B5FB3 /* Fetch_iOSUITests */ = {
			isa = PBXNativeTarget;
			buildConfigurationList = D840C2B12CBB6452003B5FB3 /* Build configuration list for PBXNativeTarget "Fetch_iOSUITests" */;
			buildPhases = (
				D840C29D2CBB6452003B5FB3 /* Sources */,
				D840C29E2CBB6452003B5FB3 /* Frameworks */,
				D840C29F2CBB6452003B5FB3 /* Resources */,
			);
			buildRules = (
			);
			dependencies = (
				D840C2A32CBB6452003B5FB3 /* PBXTargetDependency */,
			);
			fileSystemSynchronizedGroups = (
				D840C2A42CBB6452003B5FB3 /* Fetch_iOSUITests */,
			);
			name = Fetch_iOSUITests;
			packageProductDependencies = (
			);
			productName = Fetch_iOSUITests;
			productReference = D840C2A12CBB6452003B5FB3 /* Fetch_iOSUITests.xctest */;
			productType = "com.apple.product-type.bundle.ui-testing";
		};
/* End PBXNativeTarget section */

/* Begin PBXProject section */
		D840C27F2CBB6450003B5FB3 /* Project object */ = {
			isa = PBXProject;
			attributes = {
				BuildIndependentTargetsInParallel = 1;
				LastSwiftUpdateCheck = 1600;
				LastUpgradeCheck = 1600;
				TargetAttributes = {
					D840C2862CBB6450003B5FB3 = {
						CreatedOnToolsVersion = 16.0;
					};
					D840C2962CBB6452003B5FB3 = {
						CreatedOnToolsVersion = 16.0;
						TestTargetID = D840C2862CBB6450003B5FB3;
					};
					D840C2A02CBB6452003B5FB3 = {
						CreatedOnToolsVersion = 16.0;
						TestTargetID = D840C2862CBB6450003B5FB3;
					};
				};
			};
			buildConfigurationList = D840C2822CBB6450003B5FB3 /* Build configuration list for PBXProject "Fetch_iOS" */;
			developmentRegion = en;
			hasScannedForEncodings = 0;
			knownRegions = (
				en,
				Base,
			);
			mainGroup = D840C27E2CBB6450003B5FB3;
			minimizedProjectReferenceProxies = 1;
			preferredProjectObjectVersion = 77;
			productRefGroup = D840C2882CBB6450003B5FB3 /* Products */;
			projectDirPath = "";
			projectRoot = "";
			targets = (
				D840C2862CBB6450003B5FB3 /* Fetch_iOS */,
				D840C2962CBB6452003B5FB3 /* Fetch_iOSTests */,
				D840C2A02CBB6452003B5FB3 /* Fetch_iOSUITests */,
			);
		};
/* End PBXProject section */

/* Begin PBXResourcesBuildPhase section */
		D840C2852CBB6450003B5FB3 /* Resources */ = {
			isa = PBXResourcesBuildPhase;
			buildActionMask = 2147483647;
			files = (
			);
			runOnlyForDeploymentPostprocessing = 0;
		};
		D840C2952CBB6452003B5FB3 /* Resources */ = {
			isa = PBXResourcesBuildPhase;
			buildActionMask = 2147483647;
			files = (
			);
			runOnlyForDeploymentPostprocessing = 0;
		};
		D840C29F2CBB6452003B5FB3 /* Resources */ = {
			isa = PBXResourcesBuildPhase;
			buildActionMask = 2147483647;
			files = (
			);
			runOnlyForDeploymentPostprocessing = 0;
		};
/* End PBXResourcesBuildPhase section */

/* Begin PBXSourcesBuildPhase section */
		D840C2832CBB6450003B5FB3 /* Sources */ = {
			isa = PBXSourcesBuildPhase;
			buildActionMask = 2147483647;
			files = (
			);
			runOnlyForDeploymentPostprocessing = 0;
		};
		D840C2932CBB6452003B5FB3 /* Sources */ = {
			isa = PBXSourcesBuildPhase;
			buildActionMask = 2147483647;
			files = (
			);
			runOnlyForDeploymentPostprocessing = 0;
		};
		D840C29D2CBB6452003B5FB3 /* Sources */ = {
			isa = PBXSourcesBuildPhase;
			buildActionMask = 2147483647;
			files = (
			);
			runOnlyForDeploymentPostprocessing = 0;
		};
/* End PBXSourcesBuildPhase section */

/* Begin PBXTargetDependency section */
		D840C2992CBB6452003B5FB3 /* PBXTargetDependency */ = {
			isa = PBXTargetDependency;
			target = D840C2862CBB6450003B5FB3 /* Fetch_iOS */;
			targetProxy = D840C2982CBB6452003B5FB3 /* PBXContainerItemProxy */;
		};
		D840C2A32CBB6452003B5FB3 /* PBXTargetDependency */ = {
			isa = PBXTargetDependency;
			target = D840C2862CBB6450003B5FB3 /* Fetch_iOS */;
			targetProxy = D840C2A22CBB6452003B5FB3 /* PBXContainerItemProxy */;
		};
/* End PBXTargetDependency section */

/* Begin XCBuildConfiguration section */
		D840C2A92CBB6452003B5FB3 /* Debug */ = {
			isa = XCBuildConfiguration;
			buildSettings = {
				ALWAYS_SEARCH_USER_PATHS = NO;
				ASSETCATALOG_COMPILER_GENERATE_SWIFT_ASSET_SYMBOL_EXTENSIONS = YES;
				CLANG_ANALYZER_NONNULL = YES;
				CLANG_ANALYZER_NUMBER_OBJECT_CONVERSION = YES_AGGRESSIVE;
				CLANG_CXX_LANGUAGE_STANDARD = "gnu++20";
				CLANG_ENABLE_MODULES = YES;
				CLANG_ENABLE_OBJC_ARC = YES;
				CLANG_ENABLE_OBJC_WEAK = YES;
				CLANG_WARN_BLOCK_CAPTURE_AUTORELEASING = YES;
				CLANG_WARN_BOOL_CONVERSION = YES;
				CLANG_WARN_COMMA = YES;
				CLANG_WARN_CONSTANT_CONVERSION = YES;
				CLANG_WARN_DEPRECATED_OBJC_IMPLEMENTATIONS = YES;
				CLANG_WARN_DIRECT_OBJC_ISA_USAGE = YES_ERROR;
				CLANG_WARN_DOCUMENTATION_COMMENTS = YES;
				CLANG_WARN_EMPTY_BODY = YES;
				CLANG_WARN_ENUM_CONVERSION = YES;
				CLANG_WARN_INFINITE_RECURSION = YES;
				CLANG_WARN_INT_CONVERSION = YES;
				CLANG_WARN_NON_LITERAL_NULL_CONVERSION = YES;
				CLANG_WARN_OBJC_IMPLICIT_RETAIN_SELF = YES;
				CLANG_WARN_OBJC_LITERAL_CONVERSION = YES;
				CLANG_WARN_OBJC_ROOT_CLASS = YES_ERROR;
				CLANG_WARN_QUOTED_INCLUDE_IN_FRAMEWORK_HEADER = YES;
				CLANG_WARN_RANGE_LOOP_ANALYSIS = YES;
				CLANG_WARN_STRICT_PROTOTYPES = YES;
				CLANG_WARN_SUSPICIOUS_MOVE = YES;
				CLANG_WARN_UNGUARDED_AVAILABILITY = YES_AGGRESSIVE;
				CLANG_WARN_UNREACHABLE_CODE = YES;
				CLANG_WARN__DUPLICATE_METHOD_MATCH = YES;
				COPY_PHASE_STRIP = NO;
				DEBUG_INFORMATION_FORMAT = dwarf;
				ENABLE_STRICT_OBJC_MSGSEND = YES;
				ENABLE_TESTABILITY = YES;
				ENABLE_USER_SCRIPT_SANDBOXING = YES;
				GCC_C_LANGUAGE_STANDARD = gnu17;
				GCC_DYNAMIC_NO_PIC = NO;
				GCC_NO_COMMON_BLOCKS = YES;
				GCC_OPTIMIZATION_LEVEL = 0;
				GCC_PREPROCESSOR_DEFINITIONS = (
					"DEBUG=1",
					"$(inherited)",
				);
				GCC_WARN_64_TO_32_BIT_CONVERSION = YES;
				GCC_WARN_ABOUT_RETURN_TYPE = YES_ERROR;
				GCC_WARN_UNDECLARED_SELECTOR = YES;
				GCC_WARN_UNINITIALIZED_AUTOS = YES_AGGRESSIVE;
				GCC_WARN_UNUSED_FUNCTION = YES;
				GCC_WARN_UNUSED_VARIABLE = YES;
				IPHONEOS_DEPLOYMENT_TARGET = 18.0;
				LOCALIZATION_PREFERS_STRING_CATALOGS = YES;
				MTL_ENABLE_DEBUG_INFO = INCLUDE_SOURCE;
				MTL_FAST_MATH = YES;
				ONLY_ACTIVE_ARCH = YES;
				SDKROOT = iphoneos;
				SWIFT_ACTIVE_COMPILATION_CONDITIONS = "DEBUG $(inherited)";
				SWIFT_OPTIMIZATION_LEVEL = "-Onone";
			};
			name = Debug;
		};
		D840C2AA2CBB6452003B5FB3 /* Release */ = {
			isa = XCBuildConfiguration;
			buildSettings = {
				ALWAYS_SEARCH_USER_PATHS = NO;
				ASSETCATALOG_COMPILER_GENERATE_SWIFT_ASSET_SYMBOL_EXTENSIONS = YES;
				CLANG_ANALYZER_NONNULL = YES;
				CLANG_ANALYZER_NUMBER_OBJECT_CONVERSION = YES_AGGRESSIVE;
				CLANG_CXX_LANGUAGE_STANDARD = "gnu++20";
				CLANG_ENABLE_MODULES = YES;
				CLANG_ENABLE_OBJC_ARC = YES;
				CLANG_ENABLE_OBJC_WEAK = YES;
				CLANG_WARN_BLOCK_CAPTURE_AUTORELEASING = YES;
				CLANG_WARN_BOOL_CONVERSION = YES;
				CLANG_WARN_COMMA = YES;
				CLANG_WARN_CONSTANT_CONVERSION = YES;
				CLANG_WARN_DEPRECATED_OBJC_IMPLEMENTATIONS = YES;
				CLANG_WARN_DIRECT_OBJC_ISA_USAGE = YES_ERROR;
				CLANG_WARN_DOCUMENTATION_COMMENTS = YES;
				CLANG_WARN_EMPTY_BODY = YES;
				CLANG_WARN_ENUM_CONVERSION = YES;
				CLANG_WARN_INFINITE_RECURSION = YES;
				CLANG_WARN_INT_CONVERSION = YES;
				CLANG_WARN_NON_LITERAL_NULL_CONVERSION = YES;
				CLANG_WARN_OBJC_IMPLICIT_RETAIN_SELF = YES;
				CLANG_WARN_OBJC_LITERAL_CONVERSION = YES;
				CLANG_WARN_OBJC_ROOT_CLASS = YES_ERROR;
				CLANG_WARN_QUOTED_INCLUDE_IN_FRAMEWORK_HEADER = YES;
				CLANG_WARN_RANGE_LOOP_ANALYSIS = YES;
				CLANG_WARN_STRICT_PROTOTYPES = YES;
				CLANG_WARN_SUSPICIOUS_MOVE = YES;
				CLANG_WARN_UNGUARDED_AVAILABILITY = YES_AGGRESSIVE;
				CLANG_WARN_UNREACHABLE_CODE = YES;
				CLANG_WARN__DUPLICATE_METHOD_MATCH = YES;
				COPY_PHASE_STRIP = NO;
				DEBUG_INFORMATION_FORMAT = "dwarf-with-dsym";
				ENABLE_NS_ASSERTIONS = NO;
				ENABLE_STRICT_OBJC_MSGSEND = YES;
				ENABLE_USER_SCRIPT_SANDBOXING = YES;
				GCC_C_LANGUAGE_STANDARD = gnu17;
				GCC_NO_COMMON_BLOCKS = YES;
				GCC_WARN_64_TO_32_BIT_CONVERSION = YES;
				GCC_WARN_ABOUT_RETURN_TYPE = YES_ERROR;
				GCC_WARN_UNDECLARED_SELECTOR = YES;
				GCC_WARN_UNINITIALIZED_AUTOS = YES_AGGRESSIVE;
				GCC_WARN_UNUSED_FUNCTION = YES;
				GCC_WARN_UNUSED_VARIABLE = YES;
				IPHONEOS_DEPLOYMENT_TARGET = 18.0;
				LOCALIZATION_PREFERS_STRING_CATALOGS = YES;
				MTL_ENABLE_DEBUG_INFO = NO;
				MTL_FAST_MATH = YES;
				SDKROOT = iphoneos;
				SWIFT_COMPILATION_MODE = wholemodule;
				VALIDATE_PRODUCT = YES;
			};
			name = Release;
		};
		D840C2AC2CBB6452003B5FB3 /* Debug */ = {
			isa = XCBuildConfiguration;
			buildSettings = {
				ASSETCATALOG_COMPILER_APPICON_NAME = AppIcon;
				ASSETCATALOG_COMPILER_GLOBAL_ACCENT_COLOR_NAME = AccentColor;
				CODE_SIGN_STYLE = Automatic;
				CURRENT_PROJECT_VERSION = 1;
				DEVELOPMENT_ASSET_PATHS = "\"Fetch_iOS/Preview Content\"";
				ENABLE_PREVIEWS = YES;
				GENERATE_INFOPLIST_FILE = YES;
				INFOPLIST_KEY_UIApplicationSceneManifest_Generation = YES;
				INFOPLIST_KEY_UIApplicationSupportsIndirectInputEvents = YES;
				INFOPLIST_KEY_UILaunchScreen_Generation = YES;
				INFOPLIST_KEY_UISupportedInterfaceOrientations_iPad = "UIInterfaceOrientationPortrait UIInterfaceOrientationPortraitUpsideDown UIInterfaceOrientationLandscapeLeft UIInterfaceOrientationLandscapeRight";
				INFOPLIST_KEY_UISupportedInterfaceOrientations_iPhone = "UIInterfaceOrientationPortrait UIInterfaceOrientationLandscapeLeft UIInterfaceOrientationLandscapeRight";
				LD_RUNPATH_SEARCH_PATHS = (
					"$(inherited)",
					"@executable_path/Frameworks",
				);
				MARKETING_VERSION = 1.0;
				PRODUCT_BUNDLE_IDENTIFIER = "sriLaxmi.com.Fetch-iOS";
				PRODUCT_NAME = "$(TARGET_NAME)";
				SWIFT_EMIT_LOC_STRINGS = YES;
				SWIFT_VERSION = 5.0;
				TARGETED_DEVICE_FAMILY = "1,2";
			};
			name = Debug;
		};
		D840C2AD2CBB6452003B5FB3 /* Release */ = {
			isa = XCBuildConfiguration;
			buildSettings = {
				ASSETCATALOG_COMPILER_APPICON_NAME = AppIcon;
				ASSETCATALOG_COMPILER_GLOBAL_ACCENT_COLOR_NAME = AccentColor;
				CODE_SIGN_STYLE = Automatic;
				CURRENT_PROJECT_VERSION = 1;
				DEVELOPMENT_ASSET_PATHS = "\"Fetch_iOS/Preview Content\"";
				ENABLE_PREVIEWS = YES;
				GENERATE_INFOPLIST_FILE = YES;
				INFOPLIST_KEY_UIApplicationSceneManifest_Generation = YES;
				INFOPLIST_KEY_UIApplicationSupportsIndirectInputEvents = YES;
				INFOPLIST_KEY_UILaunchScreen_Generation = YES;
				INFOPLIST_KEY_UISupportedInterfaceOrientations_iPad = "UIInterfaceOrientationPortrait UIInterfaceOrientationPortraitUpsideDown UIInterfaceOrientationLandscapeLeft UIInterfaceOrientationLandscapeRight";
				INFOPLIST_KEY_UISupportedInterfaceOrientations_iPhone = "UIInterfaceOrientationPortrait UIInterfaceOrientationLandscapeLeft UIInterfaceOrientationLandscapeRight";
				LD_RUNPATH_SEARCH_PATHS = (
					"$(inherited)",
					"@executable_path/Frameworks",
				);
				MARKETING_VERSION = 1.0;
				PRODUCT_BUNDLE_IDENTIFIER = "sriLaxmi.com.Fetch-iOS";
				PRODUCT_NAME = "$(TARGET_NAME)";
				SWIFT_EMIT_LOC_STRINGS = YES;
				SWIFT_VERSION = 5.0;
				TARGETED_DEVICE_FAMILY = "1,2";
			};
			name = Release;
		};
		D840C2AF2CBB6452003B5FB3 /* Debug */ = {
			isa = XCBuildConfiguration;
			buildSettings = {
				BUNDLE_LOADER = "$(TEST_HOST)";
				CODE_SIGN_STYLE = Automatic;
				CURRENT_PROJECT_VERSION = 1;
				GENERATE_INFOPLIST_FILE = YES;
				IPHONEOS_DEPLOYMENT_TARGET = 18.0;
				MARKETING_VERSION = 1.0;
				PRODUCT_BUNDLE_IDENTIFIER = "sriLaxmi.com.Fetch-iOSTests";
				PRODUCT_NAME = "$(TARGET_NAME)";
				SWIFT_EMIT_LOC_STRINGS = NO;
				SWIFT_VERSION = 5.0;
				TARGETED_DEVICE_FAMILY = "1,2";
				TEST_HOST = "$(BUILT_PRODUCTS_DIR)/Fetch_iOS.app/$(BUNDLE_EXECUTABLE_FOLDER_PATH)/Fetch_iOS";
			};
			name = Debug;
		};
		D840C2B02CBB6452003B5FB3 /* Release */ = {
			isa = XCBuildConfiguration;
			buildSettings = {
				BUNDLE_LOADER = "$(TEST_HOST)";
				CODE_SIGN_STYLE = Automatic;
				CURRENT_PROJECT_VERSION = 1;
				GENERATE_INFOPLIST_FILE = YES;
				IPHONEOS_DEPLOYMENT_TARGET = 18.0;
				MARKETING_VERSION = 1.0;
				PRODUCT_BUNDLE_IDENTIFIER = "sriLaxmi.com.Fetch-iOSTests";
				PRODUCT_NAME = "$(TARGET_NAME)";
				SWIFT_EMIT_LOC_STRINGS = NO;
				SWIFT_VERSION = 5.0;
				TARGETED_DEVICE_FAMILY = "1,2";
				TEST_HOST = "$(BUILT_PRODUCTS_DIR)/Fetch_iOS.app/$(BUNDLE_EXECUTABLE_FOLDER_PATH)/Fetch_iOS";
			};
			name = Release;
		};
		D840C2B22CBB6452003B5FB3 /* Debug */ = {
			isa = XCBuildConfiguration;
			buildSettings = {
				CODE_SIGN_STYLE = Automatic;
				CURRENT_PROJECT_VERSION = 1;
				GENERATE_INFOPLIST_FILE = YES;
				MARKETING_VERSION = 1.0;
				PRODUCT_BUNDLE_IDENTIFIER = "sriLaxmi.com.Fetch-iOSUITests";
				PRODUCT_NAME = "$(TARGET_NAME)";
				SWIFT_EMIT_LOC_STRINGS = NO;
				SWIFT_VERSION = 5.0;
				TARGETED_DEVICE_FAMILY = "1,2";
				TEST_TARGET_NAME = Fetch_iOS;
			};
			name = Debug;
		};
		D840C2B32CBB6452003B5FB3 /* Release */ = {
			isa = XCBuildConfiguration;
			buildSettings = {
				CODE_SIGN_STYLE = Automatic;
				CURRENT_PROJECT_VERSION = 1;
				GENERATE_INFOPLIST_FILE = YES;
				MARKETING_VERSION = 1.0;
				PRODUCT_BUNDLE_IDENTIFIER = "sriLaxmi.com.Fetch-iOSUITests";
				PRODUCT_NAME = "$(TARGET_NAME)";
				SWIFT_EMIT_LOC_STRINGS = NO;
				SWIFT_VERSION = 5.0;
				TARGETED_DEVICE_FAMILY = "1,2";
				TEST_TARGET_NAME = Fetch_iOS;
			};
			name = Release;
		};
/* End XCBuildConfiguration section */

/* Begin XCConfigurationList section */
		D840C2822CBB6450003B5FB3 /* Build configuration list for PBXProject "Fetch_iOS" */ = {
			isa = XCConfigurationList;
			buildConfigurations = (
				D840C2A92CBB6452003B5FB3 /* Debug */,
				D840C2AA2CBB6452003B5FB3 /* Release */,
			);
			defaultConfigurationIsVisible = 0;
			defaultConfigurationName = Release;
		};
		D840C2AB2CBB6452003B5FB3 /* Build configuration list for PBXNativeTarget "Fetch_iOS" */ = {
			isa = XCConfigurationList;
			buildConfigurations = (
				D840C2AC2CBB6452003B5FB3 /* Debug */,
				D840C2AD2CBB6452003B5FB3 /* Release */,
			);
			defaultConfigurationIsVisible = 0;
			defaultConfigurationName = Release;
		};
		D840C2AE2CBB6452003B5FB3 /* Build configuration list for PBXNativeTarget "Fetch_iOSTests" */ = {
			isa = XCConfigurationList;
			buildConfigurations = (
				D840C2AF2CBB6452003B5FB3 /* Debug */,
				D840C2B02CBB6452003B5FB3 /* Release */,
			);
			defaultConfigurationIsVisible = 0;
			defaultConfigurationName = Release;
		};
		D840C2B12CBB6452003B5FB3 /* Build configuration list for PBXNativeTarget "Fetch_iOSUITests" */ = {
			isa = XCConfigurationList;
			buildConfigurations = (
				D840C2B22CBB6452003B5FB3 /* Debug */,
				D840C2B32CBB6452003B5FB3 /* Release */,
			);
			defaultConfigurationIsVisible = 0;
			defaultConfigurationName = Release;
		};
/* End XCConfigurationList section */
	};
	rootObject = D840C27F2CBB6450003B5FB3 /* Project object */;
}
